Microsoft Visual Studio Solution File, Format Version 11.00
# Visual Studio 2008

Project("{16F1DD43-1816-68F4-570F-737B22BAB135}") = "DIamondSquare", "Assembly-CSharp.csproj", "{9E5BB69D-FAE2-7774-FDCB-7C9B03CC579A}"
EndProject
Global
	GlobalSection(SolutionConfigurationPlatforms) = preSolution
		Debug|Any CPU = Debug|Any CPU
		Release|Any CPU = Release|Any CPU
	EndGlobalSection
	GlobalSection(ProjectConfigurationPlatforms) = postSolution
		{9E5BB69D-FAE2-7774-FDCB-7C9B03CC579A}.Debug|Any CPU.ActiveCfg = Debug|Any CPU
		{9E5BB69D-FAE2-7774-FDCB-7C9B03CC579A}.Debug|Any CPU.Build.0 = Debug|Any CPU
		{9E5BB69D-FAE2-7774-FDCB-7C9B03CC579A}.Release|Any CPU.ActiveCfg = Release|Any CPU
		{9E5BB69D-FAE2-7774-FDCB-7C9B03CC579A}.Release|Any CPU.Build.0 = Release|Any CPU
	EndGlobalSection
	GlobalSection(SolutionProperties) = preSolution
		HideSolutionNode = FALSE
	EndGlobalSection
	GlobalSection(MonoDevelopProperties) = preSolution
		StartupItem = Assembly-CSharp.csproj
	EndGlobalSection
EndGlobal
